
Microsoft Visual Studio Solution File, Format Version 12.00
# Visual Studio Version 17
VisualStudioVersion = 17.14.37411.7 d17.14
MinimumVisualStudioVersion = 10.0.40219.1
Project("{FAE04EC0-301F-11D3-BF4B-00C04F79EFBC}") = "SmartEventTicketing", "SmartEventTicketing.csproj", "{C5566716-F8F5-4A82-8557-ACEE3CCC6939}"
EndProject
Global
	GlobalSection(SolutionConfigurationPlatforms) = preSolution
		Debug|Any CPU = Debug|Any CPU
		Release|Any CPU = Release|Any CPU
	EndGlobalSection
	GlobalSection(ProjectConfigurationPlatforms) = postSolution
		{C5566716-F8F5-4A82-8557-ACEE3CCC6939}.Debug|Any CPU.ActiveCfg = Debug|Any CPU
		{C5566716-F8F5-4A82-8557-ACEE3CCC6939}.Debug|Any CPU.Build.0 = Debug|Any CPU
		{C5566716-F8F5-4A82-8557-ACEE3CCC6939}.Release|Any CPU.ActiveCfg = Release|Any CPU
		{C5566716-F8F5-4A82-8557-ACEE3CCC6939}.Release|Any CPU.Build.0 = Release|Any CPU
	EndGlobalSection
	GlobalSection(SolutionProperties) = preSolution
		HideSolutionNode = FALSE
	EndGlobalSection
	GlobalSection(ExtensibilityGlobals) = postSolution
		SolutionGuid = {F0CA4B32-856E-474E-9037-8595578CF705}
	EndGlobalSection
EndGlobal
